
Microsoft Visual Studio Solution File, Format Version 12.00
# Visual Studio Version 16
VisualStudioVersion = 16.0.32228.343
MinimumVisualStudioVersion = 10.0.40219.1
Project("{8BC9CEB8-8B4A-11D0-8D11-00A0C91BC942}") = "Chapter 6", "Chapter 6.vcxproj", "{D7244E82-A19E-4C40-AACA-0D882F84AF26}"
EndProject
Global
	GlobalSection(SolutionConfigurationPlatforms) = preSolution
		Debug|x64 = Debug|x64
		Debug|x86 = Debug|x86
		Release|x64 = Release|x64
		Release|x86 = Release|x86
	EndGlobalSection
	GlobalSection(ProjectConfigurationPlatforms) = postSolution
		{D7244E82-A19E-4C40-AACA-0D882F84AF26}.Debug|x64.ActiveCfg = Debug|x64
		{D7244E82-A19E-4C40-AACA-0D882F84AF26}.Debug|x64.Build.0 = Debug|x64
		{D7244E82-A19E-4C40-AACA-0D882F84AF26}.Debug|x86.ActiveCfg = Debug|Win32
		{D7244E82-A19E-4C40-AACA-0D882F84AF26}.Debug|x86.Build.0 = Debug|Win32
		{D7244E82-A19E-4C40-AACA-0D882F84AF26}.Release|x64.ActiveCfg = Release|x64
		{D7244E82-A19E-4C40-AACA-0D882F84AF26}.Release|x64.Build.0 = Release|x64
		{D7244E82-A19E-4C40-AACA-0D882F84AF26}.Release|x86.ActiveCfg = Release|Win32
		{D7244E82-A19E-4C40-AACA-0D882F84AF26}.Release|x86.Build.0 = Release|Win32
	EndGlobalSection
	GlobalSection(SolutionProperties) = preSolution
		HideSolutionNode = FALSE
	EndGlobalSection
	GlobalSection(ExtensibilityGlobals) = postSolution
		SolutionGuid = {86531CFF-CE34-4F31-B4E6-F9DA6137CA51}
	EndGlobalSection
EndGlobal
